# This file is autogenerated, do not edit; changes may be undone by the next 'dep ensure'.


[[projects]]
  digest = "1:562975305ff07fddfbe2d06a15c66c62772b1a118db6f9e0ce03fbc25b209b77"
  name = "github.com/alecthomas/participle"
  packages = [
    ".",
    "lexer",
    "lexer/ebnf",
    "lexer/ebnf/internal",
  ]
  pruneopts = "UT"
  revision = "d0775e9d69d9e5db003a4ce08603e7a79b51a43d"
  version = "v0.3.0"

[[projects]]
  branch = "master"
  digest = "1:8b9e086ce740a57d5a949b1a193b52245c669f1d97ee184ae474294599ea1678"
  name = "github.com/alecthomas/repr"
  packages = ["."]
  pruneopts = "UT"
  revision = "d37bc2a10ba1a7951e19dd5dc10f7d59b142d8d7"

[[projects]]
  digest = "1:68a7cb5028bb8bd8efa388a7eaee577f2535c99209df851afb4b49c102316cf2"
  name = "github.com/thoas/go-funk"
  packages = ["."]
  pruneopts = "UT"
  revision = "c43409e2d5def27be9b081e316441108def35c8d"
  version = "v0.4.0"

[solve-meta]
  analyzer-name = "dep"
  analyzer-version = 1
  input-imports = [
    "github.com/alecthomas/participle",
    "github.com/alecthomas/participle/lexer",
    "github.com/alecthomas/participle/lexer/ebnf",
    "github.com/alecthomas/repr",
    "github.com/thoas/go-funk",
  ]
  solver-name = "gps-cdcl"
  solver-version = 1
